
Microsoft Visual Studio Solution File, Format Version 12.00
# Visual Studio Version 17
VisualStudioVersion = 17.13.35931.197 d17.13
MinimumVisualStudioVersion = 10.0.40219.1
Project("{FAE04EC0-301F-11D3-BF4B-00C04F79EFBC}") = "ConUnit_Soap_Dotnet_GR06", "ConUnit_Soap_Dotnet_GR06.csproj", "{AF82C2D8-0A3F-4BCE-9012-CE05807DD272}"
EndProject
Global
	GlobalSection(SolutionConfigurationPlatforms) = preSolution
		Debug|Any CPU = Debug|Any CPU
		Release|Any CPU = Release|Any CPU
	EndGlobalSection
	GlobalSection(ProjectConfigurationPlatforms) = postSolution
		{AF82C2D8-0A3F-4BCE-9012-CE05807DD272}.Debug|Any CPU.ActiveCfg = Debug|Any CPU
		{AF82C2D8-0A3F-4BCE-9012-CE05807DD272}.Debug|Any CPU.Build.0 = Debug|Any CPU
		{AF82C2D8-0A3F-4BCE-9012-CE05807DD272}.Release|Any CPU.ActiveCfg = Release|Any CPU
		{AF82C2D8-0A3F-4BCE-9012-CE05807DD272}.Release|Any CPU.Build.0 = Release|Any CPU
	EndGlobalSection
	GlobalSection(SolutionProperties) = preSolution
		HideSolutionNode = FALSE
	EndGlobalSection
	GlobalSection(ExtensibilityGlobals) = postSolution
		SolutionGuid = {EA6BD3C4-81C8-4762-81C7-BD61FFB12115}
	EndGlobalSection
EndGlobal
